
Microsoft Visual Studio Solution File, Format Version 12.00
# Visual Studio Version 17
VisualStudioVersion = 17.14.36203.30 d17.14
MinimumVisualStudioVersion = 10.0.40219.1
Project("{FAE04EC0-301F-11D3-BF4B-00C04F79EFBC}") = "ExtractPdf2Txt", "ExtractPdf2Txt.csproj", "{23AAF4EA-9509-7D60-BD77-2D8F1F9B44FA}"
EndProject
Global
	GlobalSection(SolutionConfigurationPlatforms) = preSolution
		Debug|Any CPU = Debug|Any CPU
		Release|Any CPU = Release|Any CPU
	EndGlobalSection
	GlobalSection(ProjectConfigurationPlatforms) = postSolution
		{23AAF4EA-9509-7D60-BD77-2D8F1F9B44FA}.Debug|Any CPU.ActiveCfg = Debug|Any CPU
		{23AAF4EA-9509-7D60-BD77-2D8F1F9B44FA}.Debug|Any CPU.Build.0 = Debug|Any CPU
		{23AAF4EA-9509-7D60-BD77-2D8F1F9B44FA}.Release|Any CPU.ActiveCfg = Release|Any CPU
		{23AAF4EA-9509-7D60-BD77-2D8F1F9B44FA}.Release|Any CPU.Build.0 = Release|Any CPU
	EndGlobalSection
	GlobalSection(SolutionProperties) = preSolution
		HideSolutionNode = FALSE
	EndGlobalSection
	GlobalSection(ExtensibilityGlobals) = postSolution
		SolutionGuid = {77D29BF2-8D0C-42BA-87B9-B036CB3315B9}
	EndGlobalSection
EndGlobal
